
Microsoft Visual Studio Solution File, Format Version 12.00
# Visual Studio Version 16
VisualStudioVersion = 16.0.31424.327
MinimumVisualStudioVersion = 10.0.40219.1
Project("{2150E333-8FDC-42A3-9474-1A3956D46DE8}") = "Services", "Services", "{D9C3DADC-65FC-40E2-9317-07D8215A208E}"
EndProject
Project("{2150E333-8FDC-42A3-9474-1A3956D46DE8}") = "Quotation", "Quotation", "{394740D7-3E52-4909-B8BA-7D2B2BE8455D}"
EndProject
Project("{9A19103F-16F7-4668-BE54-9A1E7A4F7556}") = "Quotation.Api", "Quotation.Api\Quotation.Api.csproj", "{A7F90E39-B643-4A76-892C-19B0E526AAA7}"
EndProject
Project("{2150E333-8FDC-42A3-9474-1A3956D46DE8}") = "01.Api", "01.Api", "{5BDE50AE-DED0-4FB2-AF34-463A9CDF15B4}"
EndProject
Project("{2150E333-8FDC-42A3-9474-1A3956D46DE8}") = "02.Service", "02.Service", "{38BD4E06-EE0A-496A-93FE-0104290120EC}"
EndProject
Project("{2150E333-8FDC-42A3-9474-1A3956D46DE8}") = "03.Persistence", "03.Persistence", "{B4C927AC-D324-439C-A8FF-138E5A246847}"
EndProject
Project("{2150E333-8FDC-42A3-9474-1A3956D46DE8}") = "04.Models", "04.Models", "{840DC426-43A1-4DD4-8A3B-5AA2BD526F90}"
EndProject
Project("{9A19103F-16F7-4668-BE54-9A1E7A4F7556}") = "Quotation.Models", "Quotation.Models\Quotation.Models.csproj", "{9E8FDEAC-762A-45AA-947F-D953B9C8C28A}"
EndProject
Project("{9A19103F-16F7-4668-BE54-9A1E7A4F7556}") = "Quotation.Persistence.DataBase", "Quotation.Persistence.DataBase\Quotation.Persistence.DataBase.csproj", "{005F442D-E21A-46EA-9D0D-0FBDF16F007A}"
EndProject
Project("{9A19103F-16F7-4668-BE54-9A1E7A4F7556}") = "Quotation.Service.Query", "QuotationServiceQuery\Quotation.Service.Query.csproj", "{5412F32A-7296-4940-BDC4-F5320791B4C9}"
EndProject
Project("{2150E333-8FDC-42A3-9474-1A3956D46DE8}") = "Common", "Common", "{56AE9A1D-23C5-4DEA-8788-62EA5C9B11B7}"
EndProject
Project("{9A19103F-16F7-4668-BE54-9A1E7A4F7556}") = "Service.Common.Mapping", "Service.Common.Mapping\Service.Common.Mapping.csproj", "{77995E6E-3E57-428A-B1EB-8197006839C5}"
EndProject
Project("{2150E333-8FDC-42A3-9474-1A3956D46DE8}") = "UnitTest", "UnitTest", "{0361CF4C-6F4B-4FBC-A5ED-82ABE517BDA7}"
EndProject
Project("{FAE04EC0-301F-11D3-BF4B-00C04F79EFBC}") = "AuthTest", "AuthTest\AuthTest.csproj", "{54285FFC-1E91-40E3-BAC2-E64A199B1374}"
EndProject
Global
	GlobalSection(SolutionConfigurationPlatforms) = preSolution
		Debug|Any CPU = Debug|Any CPU
		Release|Any CPU = Release|Any CPU
	EndGlobalSection
	GlobalSection(ProjectConfigurationPlatforms) = postSolution
		{A7F90E39-B643-4A76-892C-19B0E526AAA7}.Debug|Any CPU.ActiveCfg = Debug|Any CPU
		{A7F90E39-B643-4A76-892C-19B0E526AAA7}.Debug|Any CPU.Build.0 = Debug|Any CPU
		{A7F90E39-B643-4A76-892C-19B0E526AAA7}.Release|Any CPU.ActiveCfg = Release|Any CPU
		{A7F90E39-B643-4A76-892C-19B0E526AAA7}.Release|Any CPU.Build.0 = Release|Any CPU
		{9E8FDEAC-762A-45AA-947F-D953B9C8C28A}.Debug|Any CPU.ActiveCfg = Debug|Any CPU
		{9E8FDEAC-762A-45AA-947F-D953B9C8C28A}.Debug|Any CPU.Build.0 = Debug|Any CPU
		{9E8FDEAC-762A-45AA-947F-D953B9C8C28A}.Release|Any CPU.ActiveCfg = Release|Any CPU
		{9E8FDEAC-762A-45AA-947F-D953B9C8C28A}.Release|Any CPU.Build.0 = Release|Any CPU
		{005F442D-E21A-46EA-9D0D-0FBDF16F007A}.Debug|Any CPU.ActiveCfg = Debug|Any CPU
		{005F442D-E21A-46EA-9D0D-0FBDF16F007A}.Debug|Any CPU.Build.0 = Debug|Any CPU
		{005F442D-E21A-46EA-9D0D-0FBDF16F007A}.Release|Any CPU.ActiveCfg = Release|Any CPU
		{005F442D-E21A-46EA-9D0D-0FBDF16F007A}.Release|Any CPU.Build.0 = Release|Any CPU
		{5412F32A-7296-4940-BDC4-F5320791B4C9}.Debug|Any CPU.ActiveCfg = Debug|Any CPU
		{5412F32A-7296-4940-BDC4-F5320791B4C9}.Debug|Any CPU.Build.0 = Debug|Any CPU
		{5412F32A-7296-4940-BDC4-F5320791B4C9}.Release|Any CPU.ActiveCfg = Release|Any CPU
		{5412F32A-7296-4940-BDC4-F5320791B4C9}.Release|Any CPU.Build.0 = Release|Any CPU
		{77995E6E-3E57-428A-B1EB-8197006839C5}.Debug|Any CPU.ActiveCfg = Debug|Any CPU
		{77995E6E-3E57-428A-B1EB-8197006839C5}.Debug|Any CPU.Build.0 = Debug|Any CPU
		{77995E6E-3E57-428A-B1EB-8197006839C5}.Release|Any CPU.ActiveCfg = Release|Any CPU
		{77995E6E-3E57-428A-B1EB-8197006839C5}.Release|Any CPU.Build.0 = Release|Any CPU
		{54285FFC-1E91-40E3-BAC2-E64A199B1374}.Debug|Any CPU.ActiveCfg = Debug|Any CPU
		{54285FFC-1E91-40E3-BAC2-E64A199B1374}.Debug|Any CPU.Build.0 = Debug|Any CPU
		{54285FFC-1E91-40E3-BAC2-E64A199B1374}.Release|Any CPU.ActiveCfg = Release|Any CPU
		{54285FFC-1E91-40E3-BAC2-E64A199B1374}.Release|Any CPU.Build.0 = Release|Any CPU
	EndGlobalSection
	GlobalSection(SolutionProperties) = preSolution
		HideSolutionNode = FALSE
	EndGlobalSection
	GlobalSection(NestedProjects) = preSolution
		{394740D7-3E52-4909-B8BA-7D2B2BE8455D} = {D9C3DADC-65FC-40E2-9317-07D8215A208E}
		{A7F90E39-B643-4A76-892C-19B0E526AAA7} = {5BDE50AE-DED0-4FB2-AF34-463A9CDF15B4}
		{5BDE50AE-DED0-4FB2-AF34-463A9CDF15B4} = {394740D7-3E52-4909-B8BA-7D2B2BE8455D}
		{38BD4E06-EE0A-496A-93FE-0104290120EC} = {394740D7-3E52-4909-B8BA-7D2B2BE8455D}
		{B4C927AC-D324-439C-A8FF-138E5A246847} = {394740D7-3E52-4909-B8BA-7D2B2BE8455D}
		{840DC426-43A1-4DD4-8A3B-5AA2BD526F90} = {394740D7-3E52-4909-B8BA-7D2B2BE8455D}
		{9E8FDEAC-762A-45AA-947F-D953B9C8C28A} = {840DC426-43A1-4DD4-8A3B-5AA2BD526F90}
		{005F442D-E21A-46EA-9D0D-0FBDF16F007A} = {B4C927AC-D324-439C-A8FF-138E5A246847}
		{5412F32A-7296-4940-BDC4-F5320791B4C9} = {38BD4E06-EE0A-496A-93FE-0104290120EC}
		{56AE9A1D-23C5-4DEA-8788-62EA5C9B11B7} = {394740D7-3E52-4909-B8BA-7D2B2BE8455D}
		{77995E6E-3E57-428A-B1EB-8197006839C5} = {56AE9A1D-23C5-4DEA-8788-62EA5C9B11B7}
		{0361CF4C-6F4B-4FBC-A5ED-82ABE517BDA7} = {394740D7-3E52-4909-B8BA-7D2B2BE8455D}
		{54285FFC-1E91-40E3-BAC2-E64A199B1374} = {0361CF4C-6F4B-4FBC-A5ED-82ABE517BDA7}
	EndGlobalSection
	GlobalSection(ExtensibilityGlobals) = postSolution
		SolutionGuid = {5206FFDF-DE66-4BF6-A287-386149584797}
	EndGlobalSection
EndGlobal
